PODS:
  - Capacitor (6.2.1):
    - CapacitorCordova
  - CapacitorCommunitySpeechRecognition (6.0.1-voice-pro.1):
    - Capacitor
  - CapacitorCordova (6.2.1)

DEPENDENCIES:
  - "Capacitor (from `../../node_modules/@capacitor/ios`)"
  - CapacitorCommunitySpeechRecognition (from `../../vendor/speech-recognition`)
  - "CapacitorCordova (from `../../node_modules/@capacitor/ios`)"

EXTERNAL SOURCES:
  Capacitor:
    :path: "../../node_modules/@capacitor/ios"
  CapacitorCommunitySpeechRecognition:
    :path: "../../vendor/speech-recognition"
  CapacitorCordova:
    :path: "../../node_modules/@capacitor/ios"

SPEC CHECKSUMS:
  Capacitor: c95400d761e376be9da6be5a05f226c0e865cebf
  CapacitorCommunitySpeechRecognition: 2383fd6c87df3fa2a97a90dcea9aae0d83136f44
  CapacitorCordova: 8d93e14982f440181be7304aa9559ca631d77fff

PODFILE CHECKSUM: e0bee4179beec5e7685b25a23d4e5eb1c220adfa

COCOAPODS: 1.17.0
